
Microsoft Visual Studio Solution File, Format Version 12.00
# Visual Studio Version 16
VisualStudioVersion = 16.0.30225.117
MinimumVisualStudioVersion = 10.0.40219.1
Project("{FAE04EC0-301F-11D3-BF4B-00C04F79EFBC}") = "NavGator", "NavGator\NavGator.csproj", "{7128FFE8-ACA3-4634-BAE5-5F1C2AAC16C1}"
EndProject
Global
	GlobalSection(SolutionConfigurationPlatforms) = preSolution
		Debug|Any CPU = Debug|Any CPU
		Release|Any CPU = Release|Any CPU
	EndGlobalSection
	GlobalSection(ProjectConfigurationPlatforms) = postSolution
		{7128FFE8-ACA3-4634-BAE5-5F1C2AAC16C1}.Debug|Any CPU.ActiveCfg = Debug|Any CPU
		{7128FFE8-ACA3-4634-BAE5-5F1C2AAC16C1}.Debug|Any CPU.Build.0 = Debug|Any CPU
		{7128FFE8-ACA3-4634-BAE5-5F1C2AAC16C1}.Release|Any CPU.ActiveCfg = Release|Any CPU
		{7128FFE8-ACA3-4634-BAE5-5F1C2AAC16C1}.Release|Any CPU.Build.0 = Release|Any CPU
	EndGlobalSection
	GlobalSection(SolutionProperties) = preSolution
		HideSolutionNode = FALSE
	EndGlobalSection
	GlobalSection(ExtensibilityGlobals) = postSolution
		SolutionGuid = {247F4AFB-3BCE-4832-9CED-74CBD8CBC7DA}
	EndGlobalSection
EndGlobal
